
Microsoft Visual Studio Solution File, Format Version 12.00
# Visual Studio 15
VisualStudioVersion = 15.0.26403.3
MinimumVisualStudioVersion = 10.0.40219.1
Project("{9A19103F-16F7-4668-BE54-9A1E7A4F7556}") = "EgresosUniYMCA", "EgresosUniYMCA\EgresosUniYMCA.csproj", "{800597A9-64E5-4E8C-B0D7-D30831B3F606}"
EndProject
Project("{FAE04EC0-301F-11D3-BF4B-00C04F79EFBC}") = "AuthServer", "AuthServer\AuthServer.csproj", "{9B92A1EF-72A9-47C6-9A32-62F204A4B6D4}"
EndProject
Global
	GlobalSection(SolutionConfigurationPlatforms) = preSolution
		Debug|Any CPU = Debug|Any CPU
		Release|Any CPU = Release|Any CPU
	EndGlobalSection
	GlobalSection(ProjectConfigurationPlatforms) = postSolution
		{800597A9-64E5-4E8C-B0D7-D30831B3F606}.Debug|Any CPU.ActiveCfg = Debug|Any CPU
		{800597A9-64E5-4E8C-B0D7-D30831B3F606}.Debug|Any CPU.Build.0 = Debug|Any CPU
		{800597A9-64E5-4E8C-B0D7-D30831B3F606}.Release|Any CPU.ActiveCfg = Release|Any CPU
		{800597A9-64E5-4E8C-B0D7-D30831B3F606}.Release|Any CPU.Build.0 = Release|Any CPU
		{9B92A1EF-72A9-47C6-9A32-62F204A4B6D4}.Debug|Any CPU.ActiveCfg = Debug|Any CPU
		{9B92A1EF-72A9-47C6-9A32-62F204A4B6D4}.Debug|Any CPU.Build.0 = Debug|Any CPU
		{9B92A1EF-72A9-47C6-9A32-62F204A4B6D4}.Release|Any CPU.ActiveCfg = Release|Any CPU
		{9B92A1EF-72A9-47C6-9A32-62F204A4B6D4}.Release|Any CPU.Build.0 = Release|Any CPU
	EndGlobalSection
	GlobalSection(SolutionProperties) = preSolution
		HideSolutionNode = FALSE
	EndGlobalSection
EndGlobal
